
Microsoft Visual Studio Solution File, Format Version 12.00
# Visual Studio Version 17
VisualStudioVersion = 17.0.32014.148
MinimumVisualStudioVersion = 10.0.40219.1
Project("{8BC9CEB8-8B4A-11D0-8D11-00A0C91BC942}") = "idaxex", "idaxex.vcxproj", "{6104AB02-F465-4FBA-B66E-232EF0925C65}"
EndProject
Project("{8BC9CEB8-8B4A-11D0-8D11-00A0C91BC942}") = "xex1tool", "xex1tool.vcxproj", "{67F256A0-C7FB-448F-9B8F-362AE793C5B4}"
EndProject
Global
	GlobalSection(SolutionConfigurationPlatforms) = preSolution
		Debug|x64 = Debug|x64
		Release|x64 = Release|x64
	EndGlobalSection
	GlobalSection(ProjectConfigurationPlatforms) = postSolution
		{6104AB02-F465-4FBA-B66E-232EF0925C65}.Debug|x64.ActiveCfg = Debug|x64
		{6104AB02-F465-4FBA-B66E-232EF0925C65}.Debug|x64.Build.0 = Debug|x64
		{6104AB02-F465-4FBA-B66E-232EF0925C65}.Release|x64.ActiveCfg = Release|x64
		{6104AB02-F465-4FBA-B66E-232EF0925C65}.Release|x64.Build.0 = Release|x64
		{67F256A0-C7FB-448F-9B8F-362AE793C5B4}.Debug|x64.ActiveCfg = Debug|x64
		{67F256A0-C7FB-448F-9B8F-362AE793C5B4}.Debug|x64.Build.0 = Debug|x64
		{67F256A0-C7FB-448F-9B8F-362AE793C5B4}.Release|x64.ActiveCfg = Release|x64
		{67F256A0-C7FB-448F-9B8F-362AE793C5B4}.Release|x64.Build.0 = Release|x64
	EndGlobalSection
	GlobalSection(SolutionProperties) = preSolution
		HideSolutionNode = FALSE
	EndGlobalSection
	GlobalSection(ExtensibilityGlobals) = postSolution
		SolutionGuid = {2D699616-57E8-408D-B1AA-67CAF83E0B70}
	EndGlobalSection
EndGlobal
